
Microsoft Visual Studio Solution File, Format Version 12.00
# Visual Studio Version 16
VisualStudioVersion = 16.0.31624.102
MinimumVisualStudioVersion = 10.0.40219.1
Project("{9A19103F-16F7-4668-BE54-9A1E7A4F7556}") = "FWMS_Tests", "FWMS_Tests.csproj", "{BABD0C13-E8D2-4D6E-8AFD-B3F4EC725CE5}"
EndProject
Global
	GlobalSection(SolutionConfigurationPlatforms) = preSolution
		Debug|Any CPU = Debug|Any CPU
		Release|Any CPU = Release|Any CPU
	EndGlobalSection
	GlobalSection(ProjectConfigurationPlatforms) = postSolution
		{BABD0C13-E8D2-4D6E-8AFD-B3F4EC725CE5}.Debug|Any CPU.ActiveCfg = Debug|Any CPU
		{BABD0C13-E8D2-4D6E-8AFD-B3F4EC725CE5}.Debug|Any CPU.Build.0 = Debug|Any CPU
		{BABD0C13-E8D2-4D6E-8AFD-B3F4EC725CE5}.Release|Any CPU.ActiveCfg = Release|Any CPU
		{BABD0C13-E8D2-4D6E-8AFD-B3F4EC725CE5}.Release|Any CPU.Build.0 = Release|Any CPU
	EndGlobalSection
	GlobalSection(SolutionProperties) = preSolution
		HideSolutionNode = FALSE
	EndGlobalSection
	GlobalSection(ExtensibilityGlobals) = postSolution
		SolutionGuid = {DD408877-31D6-469D-BB49-3EA6DCF5C4DD}
	EndGlobalSection
EndGlobal
